
Microsoft Visual Studio Solution File, Format Version 12.00
# Visual Studio Version 16
VisualStudioVersion = 16.0.30011.22
MinimumVisualStudioVersion = 10.0.40219.1
Project("{FAE04EC0-301F-11D3-BF4B-00C04F79EFBC}") = "projeto-teste", "projeto-teste\projeto-teste.csproj", "{BEDBD74A-DDBF-4750-A8B1-4BAC721A821F}"
EndProject
Global
	GlobalSection(SolutionConfigurationPlatforms) = preSolution
		Debug|Any CPU = Debug|Any CPU
		Release|Any CPU = Release|Any CPU
	EndGlobalSection
	GlobalSection(ProjectConfigurationPlatforms) = postSolution
		{BEDBD74A-DDBF-4750-A8B1-4BAC721A821F}.Debug|Any CPU.ActiveCfg = Debug|Any CPU
		{BEDBD74A-DDBF-4750-A8B1-4BAC721A821F}.Debug|Any CPU.Build.0 = Debug|Any CPU
		{BEDBD74A-DDBF-4750-A8B1-4BAC721A821F}.Release|Any CPU.ActiveCfg = Release|Any CPU
		{BEDBD74A-DDBF-4750-A8B1-4BAC721A821F}.Release|Any CPU.Build.0 = Release|Any CPU
	EndGlobalSection
	GlobalSection(SolutionProperties) = preSolution
		HideSolutionNode = FALSE
	EndGlobalSection
	GlobalSection(ExtensibilityGlobals) = postSolution
		SolutionGuid = {F2A593C1-F398-4823-84BB-57E994A6CED2}
	EndGlobalSection
EndGlobal
